{
  "version": 4,
  "terraform_version": "1.5.7",
  "serial": 354,
  "lineage": "a65d7317-b528-fdca-28cf-fb9130437627",
  "outputs": {
    "public_ip_address": {
      "value": "http://20.76.135.211",
      "type": "string"
    }
  },
  "resources": [
    {
      "mode": "managed",
      "type": "azurerm_lb",
      "name": "my_lb",
      "provider": "provider[\"registry.terraform.io/hashicorp/azurerm\"]",
      "instances": [
        {
          "schema_version": 0,
          "attributes": {
            "frontend_ip_configuration": [
              {
                "availability_zone": "No-Zone",
                "gateway_load_balancer_frontend_ip_configuration_id": "",
                "id": "/subscriptions/fcc9b1c0-ae80-4568-b5d2-6ef91f84f6ec/resourceGroups/cbdp-resourcegroup/providers/Microsoft.Network/loadBalancers/test-lb/frontendIPConfigurations/test-public-ip",
                "inbound_nat_rules": [
                  "/subscriptions/fcc9b1c0-ae80-4568-b5d2-6ef91f84f6ec/resourceGroups/cbdp-resourcegroup/providers/Microsoft.Network/loadBalancers/test-lb/inboundNatRules/test-ssh-vm1",
                  "/subscriptions/fcc9b1c0-ae80-4568-b5d2-6ef91f84f6ec/resourceGroups/cbdp-resourcegroup/providers/Microsoft.Network/loadBalancers/test-lb/inboundNatRules/test-ssh-vm2"
                ],
                "load_balancer_rules": [
                  "/subscriptions/fcc9b1c0-ae80-4568-b5d2-6ef91f84f6ec/resourceGroups/cbdp-resourcegroup/providers/Microsoft.Network/loadBalancers/test-lb/loadBalancingRules/test-rule"
                ],
                "name": "test-public-ip",
                "outbound_rules": [
                  "/subscriptions/fcc9b1c0-ae80-4568-b5d2-6ef91f84f6ec/resourceGroups/cbdp-resourcegroup/providers/Microsoft.Network/loadBalancers/test-lb/outboundRules/test-outbound"
                ],
                "private_ip_address": "",
                "private_ip_address_allocation": "Dynamic",
                "private_ip_address_version": "",
                "public_ip_address_id": "/subscriptions/fcc9b1c0-ae80-4568-b5d2-6ef91f84f6ec/resourceGroups/cbdp-resourcegroup/providers/Microsoft.Network/publicIPAddresses/test-public-ip",
                "public_ip_prefix_id": "",
                "subnet_id": "",
                "zones": []
              }
            ],
            "id": "/subscriptions/fcc9b1c0-ae80-4568-b5d2-6ef91f84f6ec/resourceGroups/cbdp-resourcegroup/providers/Microsoft.Network/loadBalancers/test-lb",
            "location": "westeurope",
            "name": "test-lb",
            "private_ip_address": "",
            "private_ip_addresses": [],
            "resource_group_name": "cbdp-resourcegroup",
            "sku": "Standard",
            "sku_tier": "Regional",
            "tags": {},
            "timeouts": null
          },
          "sensitive_attributes": [],
          "private": "eyJlMmJmYjczMC1lY2FhLTExZTYtOGY4OC0zNDM2M2JjN2M0YzAiOnsiY3JlYXRlIjoxODAwMDAwMDAwMDAwLCJkZWxldGUiOjE4MDAwMDAwMDAwMDAsInJlYWQiOjMwMDAwMDAwMDAwMCwidXBkYXRlIjoxODAwMDAwMDAwMDAwfX0=",
          "dependencies": [
            "azurerm_public_ip.my_public_ip"
          ]
        }
      ]
    },
    {
      "mode": "managed",
      "type": "azurerm_lb_backend_address_pool",
      "name": "my_lb_pool",
      "provider": "provider[\"registry.terraform.io/hashicorp/azurerm\"]",
      "instances": [
        {
          "schema_version": 0,
          "attributes": {
            "backend_address": [],
            "backend_ip_configurations": [
              "/subscriptions/fcc9b1c0-ae80-4568-b5d2-6ef91f84f6ec/resourceGroups/cbdp-resourcegroup/providers/Microsoft.Network/networkInterfaces/test-nic0/ipConfigurations/ipconfig0",
              "/subscriptions/fcc9b1c0-ae80-4568-b5d2-6ef91f84f6ec/resourceGroups/cbdp-resourcegroup/providers/Microsoft.Network/networkInterfaces/test-nic1/ipConfigurations/ipconfig1"
            ],
            "id": "/subscriptions/fcc9b1c0-ae80-4568-b5d2-6ef91f84f6ec/resourceGroups/cbdp-resourcegroup/providers/Microsoft.Network/loadBalancers/test-lb/backendAddressPools/test-pool",
            "load_balancing_rules": [
              "/subscriptions/fcc9b1c0-ae80-4568-b5d2-6ef91f84f6ec/resourceGroups/cbdp-resourcegroup/providers/Microsoft.Network/loadBalancers/test-lb/loadBalancingRules/test-rule"
            ],
            "loadbalancer_id": "/subscriptions/fcc9b1c0-ae80-4568-b5d2-6ef91f84f6ec/resourceGroups/cbdp-resourcegroup/providers/Microsoft.Network/loadBalancers/test-lb",
            "name": "test-pool",
            "outbound_rules": [
              "/subscriptions/fcc9b1c0-ae80-4568-b5d2-6ef91f84f6ec/resourceGroups/cbdp-resourcegroup/providers/Microsoft.Network/loadBalancers/test-lb/outboundRules/test-outbound"
            ],
            "resource_group_name": "cbdp-resourcegroup",
            "timeouts": null,
            "tunnel_interface": []
          },
          "sensitive_attributes": [],
          "private": "eyJlMmJmYjczMC1lY2FhLTExZTYtOGY4OC0zNDM2M2JjN2M0YzAiOnsiY3JlYXRlIjoxODAwMDAwMDAwMDAwLCJkZWxldGUiOjE4MDAwMDAwMDAwMDAsInJlYWQiOjMwMDAwMDAwMDAwMCwidXBkYXRlIjoxODAwMDAwMDAwMDAwfX0=",
          "dependencies": [
            "azurerm_lb.my_lb",
            "azurerm_public_ip.my_public_ip"
          ]
        }
      ]
    },
    {
      "mode": "managed",
      "type": "azurerm_lb_nat_rule",
      "name": "my_nat_rule_vm1",
      "provider": "provider[\"registry.terraform.io/hashicorp/azurerm\"]",
      "instances": [
        {
          "schema_version": 0,
          "attributes": {
            "backend_ip_configuration_id": "/subscriptions/fcc9b1c0-ae80-4568-b5d2-6ef91f84f6ec/resourceGroups/cbdp-resourcegroup/providers/Microsoft.Network/networkInterfaces/test-nic0/ipConfigurations/ipconfig0",
            "backend_port": 22,
            "enable_floating_ip": false,
            "enable_tcp_reset": false,
            "frontend_ip_configuration_id": "/subscriptions/fcc9b1c0-ae80-4568-b5d2-6ef91f84f6ec/resourceGroups/cbdp-resourcegroup/providers/Microsoft.Network/loadBalancers/test-lb/frontendIPConfigurations/test-public-ip",
            "frontend_ip_configuration_name": "test-public-ip",
            "frontend_port": 220,
            "id": "/subscriptions/fcc9b1c0-ae80-4568-b5d2-6ef91f84f6ec/resourceGroups/cbdp-resourcegroup/providers/Microsoft.Network/loadBalancers/test-lb/inboundNatRules/test-ssh-vm1",
            "idle_timeout_in_minutes": 4,
            "loadbalancer_id": "/subscriptions/fcc9b1c0-ae80-4568-b5d2-6ef91f84f6ec/resourceGroups/cbdp-resourcegroup/providers/Microsoft.Network/loadBalancers/test-lb",
            "name": "test-ssh-vm1",
            "protocol": "Tcp",
            "resource_group_name": "cbdp-resourcegroup",
            "timeouts": null
          },
          "sensitive_attributes": [],
          "private": "eyJlMmJmYjczMC1lY2FhLTExZTYtOGY4OC0zNDM2M2JjN2M0YzAiOnsiY3JlYXRlIjoxODAwMDAwMDAwMDAwLCJkZWxldGUiOjE4MDAwMDAwMDAwMDAsInJlYWQiOjMwMDAwMDAwMDAwMCwidXBkYXRlIjoxODAwMDAwMDAwMDAwfX0=",
          "dependencies": [
            "azurerm_lb.my_lb",
            "azurerm_public_ip.my_public_ip"
          ]
        }
      ]
    },
    {
      "mode": "managed",
      "type": "azurerm_lb_nat_rule",
      "name": "my_nat_rule_vm2",
      "provider": "provider[\"registry.terraform.io/hashicorp/azurerm\"]",
      "instances": [
        {
          "schema_version": 0,
          "attributes": {
            "backend_ip_configuration_id": "/subscriptions/fcc9b1c0-ae80-4568-b5d2-6ef91f84f6ec/resourceGroups/cbdp-resourcegroup/providers/Microsoft.Network/networkInterfaces/test-nic1/ipConfigurations/ipconfig1",
            "backend_port": 22,
            "enable_floating_ip": false,
            "enable_tcp_reset": false,
            "frontend_ip_configuration_id": "/subscriptions/fcc9b1c0-ae80-4568-b5d2-6ef91f84f6ec/resourceGroups/cbdp-resourcegroup/providers/Microsoft.Network/loadBalancers/test-lb/frontendIPConfigurations/test-public-ip",
            "frontend_ip_configuration_name": "test-public-ip",
            "frontend_port": 221,
            "id": "/subscriptions/fcc9b1c0-ae80-4568-b5d2-6ef91f84f6ec/resourceGroups/cbdp-resourcegroup/providers/Microsoft.Network/loadBalancers/test-lb/inboundNatRules/test-ssh-vm2",
            "idle_timeout_in_minutes": 4,
            "loadbalancer_id": "/subscriptions/fcc9b1c0-ae80-4568-b5d2-6ef91f84f6ec/resourceGroups/cbdp-resourcegroup/providers/Microsoft.Network/loadBalancers/test-lb",
            "name": "test-ssh-vm2",
            "protocol": "Tcp",
            "resource_group_name": "cbdp-resourcegroup",
            "timeouts": null
          },
          "sensitive_attributes": [],
          "private": "eyJlMmJmYjczMC1lY2FhLTExZTYtOGY4OC0zNDM2M2JjN2M0YzAiOnsiY3JlYXRlIjoxODAwMDAwMDAwMDAwLCJkZWxldGUiOjE4MDAwMDAwMDAwMDAsInJlYWQiOjMwMDAwMDAwMDAwMCwidXBkYXRlIjoxODAwMDAwMDAwMDAwfX0=",
          "dependencies": [
            "azurerm_lb.my_lb",
            "azurerm_public_ip.my_public_ip"
          ]
        }
      ]
    },
    {
      "mode": "managed",
      "type": "azurerm_lb_outbound_rule",
      "name": "my_lboutbound_rule",
      "provider": "provider[\"registry.terraform.io/hashicorp/azurerm\"]",
      "instances": [
        {
          "schema_version": 0,
          "attributes": {
            "allocated_outbound_ports": 1024,
            "backend_address_pool_id": "/subscriptions/fcc9b1c0-ae80-4568-b5d2-6ef91f84f6ec/resourceGroups/cbdp-resourcegroup/providers/Microsoft.Network/loadBalancers/test-lb/backendAddressPools/test-pool",
            "enable_tcp_reset": false,
            "frontend_ip_configuration": [
              {
                "id": "/subscriptions/fcc9b1c0-ae80-4568-b5d2-6ef91f84f6ec/resourceGroups/cbdp-resourcegroup/providers/Microsoft.Network/loadBalancers/test-lb/frontendIPConfigurations/test-public-ip",
                "name": "test-public-ip"
              }
            ],
            "id": "/subscriptions/fcc9b1c0-ae80-4568-b5d2-6ef91f84f6ec/resourceGroups/cbdp-resourcegroup/providers/Microsoft.Network/loadBalancers/test-lb/outboundRules/test-outbound",
            "idle_timeout_in_minutes": 4,
            "loadbalancer_id": "/subscriptions/fcc9b1c0-ae80-4568-b5d2-6ef91f84f6ec/resourceGroups/cbdp-resourcegroup/providers/Microsoft.Network/loadBalancers/test-lb",
            "name": "test-outbound",
            "protocol": "Tcp",
            "resource_group_name": "cbdp-resourcegroup",
            "timeouts": null
          },
          "sensitive_attributes": [],
          "private": "eyJlMmJmYjczMC1lY2FhLTExZTYtOGY4OC0zNDM2M2JjN2M0YzAiOnsiY3JlYXRlIjoxODAwMDAwMDAwMDAwLCJkZWxldGUiOjE4MDAwMDAwMDAwMDAsInJlYWQiOjMwMDAwMDAwMDAwMCwidXBkYXRlIjoxODAwMDAwMDAwMDAwfX0=",
          "dependencies": [
            "azurerm_lb.my_lb",
            "azurerm_lb_backend_address_pool.my_lb_pool",
            "azurerm_public_ip.my_public_ip"
          ]
        }
      ]
    },
    {
      "mode": "managed",
      "type": "azurerm_lb_probe",
      "name": "my_lb_probe",
      "provider": "provider[\"registry.terraform.io/hashicorp/azurerm\"]",
      "instances": [
        {
          "schema_version": 0,
          "attributes": {
            "id": "/subscriptions/fcc9b1c0-ae80-4568-b5d2-6ef91f84f6ec/resourceGroups/cbdp-resourcegroup/providers/Microsoft.Network/loadBalancers/test-lb/probes/test-probe",
            "interval_in_seconds": 15,
            "load_balancer_rules": [
              "/subscriptions/fcc9b1c0-ae80-4568-b5d2-6ef91f84f6ec/resourceGroups/cbdp-resourcegroup/providers/Microsoft.Network/loadBalancers/test-lb/loadBalancingRules/test-rule"
            ],
            "loadbalancer_id": "/subscriptions/fcc9b1c0-ae80-4568-b5d2-6ef91f84f6ec/resourceGroups/cbdp-resourcegroup/providers/Microsoft.Network/loadBalancers/test-lb",
            "name": "test-probe",
            "number_of_probes": 2,
            "port": 80,
            "protocol": "Tcp",
            "request_path": "",
            "resource_group_name": "cbdp-resourcegroup",
            "timeouts": null
          },
          "sensitive_attributes": [],
          "private": "eyJlMmJmYjczMC1lY2FhLTExZTYtOGY4OC0zNDM2M2JjN2M0YzAiOnsiY3JlYXRlIjoxODAwMDAwMDAwMDAwLCJkZWxldGUiOjE4MDAwMDAwMDAwMDAsInJlYWQiOjMwMDAwMDAwMDAwMCwidXBkYXRlIjoxODAwMDAwMDAwMDAwfX0=",
          "dependencies": [
            "azurerm_lb.my_lb",
            "azurerm_public_ip.my_public_ip"
          ]
        }
      ]
    },
    {
      "mode": "managed",
      "type": "azurerm_lb_rule",
      "name": "my_lb_rule",
      "provider": "provider[\"registry.terraform.io/hashicorp/azurerm\"]",
      "instances": [
        {
          "schema_version": 0,
          "attributes": {
            "backend_address_pool_id": "/subscriptions/fcc9b1c0-ae80-4568-b5d2-6ef91f84f6ec/resourceGroups/cbdp-resourcegroup/providers/Microsoft.Network/loadBalancers/test-lb/backendAddressPools/test-pool",
            "backend_address_pool_ids": [
              "/subscriptions/fcc9b1c0-ae80-4568-b5d2-6ef91f84f6ec/resourceGroups/cbdp-resourcegroup/providers/Microsoft.Network/loadBalancers/test-lb/backendAddressPools/test-pool"
            ],
            "backend_port": 80,
            "disable_outbound_snat": true,
            "enable_floating_ip": false,
            "enable_tcp_reset": false,
            "frontend_ip_configuration_id": "/subscriptions/fcc9b1c0-ae80-4568-b5d2-6ef91f84f6ec/resourceGroups/cbdp-resourcegroup/providers/Microsoft.Network/loadBalancers/test-lb/frontendIPConfigurations/test-public-ip",
            "frontend_ip_configuration_name": "test-public-ip",
            "frontend_port": 80,
            "id": "/subscriptions/fcc9b1c0-ae80-4568-b5d2-6ef91f84f6ec/resourceGroups/cbdp-resourcegroup/providers/Microsoft.Network/loadBalancers/test-lb/loadBalancingRules/test-rule",
            "idle_timeout_in_minutes": 4,
            "load_distribution": "Default",
            "loadbalancer_id": "/subscriptions/fcc9b1c0-ae80-4568-b5d2-6ef91f84f6ec/resourceGroups/cbdp-resourcegroup/providers/Microsoft.Network/loadBalancers/test-lb",
            "name": "test-rule",
            "probe_id": "/subscriptions/fcc9b1c0-ae80-4568-b5d2-6ef91f84f6ec/resourceGroups/cbdp-resourcegroup/providers/Microsoft.Network/loadBalancers/test-lb/probes/test-probe",
            "protocol": "Tcp",
            "resource_group_name": "cbdp-resourcegroup",
            "timeouts": null
          },
          "sensitive_attributes": [],
          "private": "eyJlMmJmYjczMC1lY2FhLTExZTYtOGY4OC0zNDM2M2JjN2M0YzAiOnsiY3JlYXRlIjoxODAwMDAwMDAwMDAwLCJkZWxldGUiOjE4MDAwMDAwMDAwMDAsInJlYWQiOjMwMDAwMDAwMDAwMCwidXBkYXRlIjoxODAwMDAwMDAwMDAwfX0=",
          "dependencies": [
            "azurerm_lb.my_lb",
            "azurerm_lb_backend_address_pool.my_lb_pool",
            "azurerm_lb_probe.my_lb_probe",
            "azurerm_public_ip.my_public_ip"
          ]
        }
      ]
    },
    {
      "mode": "managed",
      "type": "azurerm_linux_virtual_machine",
      "name": "my_vm",
      "provider": "provider[\"registry.terraform.io/hashicorp/azurerm\"]",
      "instances": [
        {
          "index_key": 0,
          "schema_version": 0,
          "attributes": {
            "additional_capabilities": [],
            "admin_password": "BelarusLives1",
            "admin_ssh_key": [],
            "admin_username": "bravehead",
            "allow_extension_operations": true,
            "availability_set_id": "",
            "boot_diagnostics": [],
            "computer_name": "test-vm0",
            "custom_data": null,
            "dedicated_host_group_id": "",
            "dedicated_host_id": "",
            "disable_password_authentication": false,
            "encryption_at_host_enabled": false,
            "eviction_policy": "",
            "extensions_time_budget": "PT1H30M",
            "id": "/subscriptions/fcc9b1c0-ae80-4568-b5d2-6ef91f84f6ec/resourceGroups/cbdp-resourcegroup/providers/Microsoft.Compute/virtualMachines/test-vm0",
            "identity": [],
            "license_type": "",
            "location": "westeurope",
            "max_bid_price": -1,
            "name": "test-vm0",
            "network_interface_ids": [
              "/subscriptions/fcc9b1c0-ae80-4568-b5d2-6ef91f84f6ec/resourceGroups/cbdp-resourcegroup/providers/Microsoft.Network/networkInterfaces/test-nic0"
            ],
            "os_disk": [
              {
                "caching": "ReadWrite",
                "diff_disk_settings": [],
                "disk_encryption_set_id": "",
                "disk_size_gb": 30,
                "name": "test-disk0",
                "storage_account_type": "Standard_LRS",
                "write_accelerator_enabled": false
              }
            ],
            "patch_mode": "ImageDefault",
            "plan": [],
            "platform_fault_domain": -1,
            "priority": "Regular",
            "private_ip_address": "10.0.1.4",
            "private_ip_addresses": [
              "10.0.1.4"
            ],
            "provision_vm_agent": true,
            "proximity_placement_group_id": "",
            "public_ip_address": "",
            "public_ip_addresses": [],
            "resource_group_name": "cbdp-resourcegroup",
            "secret": [],
            "secure_boot_enabled": false,
            "size": "Standard_DS1_v2",
            "source_image_id": "",
            "source_image_reference": [
              {
                "offer": "0001-com-ubuntu-server-jammy",
                "publisher": "Canonical",
                "sku": "22_04-lts-gen2",
                "version": "latest"
              }
            ],
            "tags": null,
            "timeouts": null,
            "user_data": "",
            "virtual_machine_id": "bcd9b79f-3835-4e03-8e7b-51661ae2326e",
            "virtual_machine_scale_set_id": "",
            "vtpm_enabled": false,
            "zone": ""
          },
          "sensitive_attributes": [],
          "private": "eyJlMmJmYjczMC1lY2FhLTExZTYtOGY4OC0zNDM2M2JjN2M0YzAiOnsiY3JlYXRlIjoyNzAwMDAwMDAwMDAwLCJkZWxldGUiOjI3MDAwMDAwMDAwMDAsInJlYWQiOjMwMDAwMDAwMDAwMCwidXBkYXRlIjoyNzAwMDAwMDAwMDAwfX0=",
          "dependencies": [
            "azurerm_network_interface.my_nic"
          ]
        },
        {
          "index_key": 1,
          "schema_version": 0,
          "attributes": {
            "additional_capabilities": [],
            "admin_password": "BelarusLives1",
            "admin_ssh_key": [],
            "admin_username": "bravehead",
            "allow_extension_operations": true,
            "availability_set_id": "",
            "boot_diagnostics": [],
            "computer_name": "test-vm1",
            "custom_data": null,
            "dedicated_host_group_id": "",
            "dedicated_host_id": "",
            "disable_password_authentication": false,
            "encryption_at_host_enabled": false,
            "eviction_policy": "",
            "extensions_time_budget": "PT1H30M",
            "id": "/subscriptions/fcc9b1c0-ae80-4568-b5d2-6ef91f84f6ec/resourceGroups/cbdp-resourcegroup/providers/Microsoft.Compute/virtualMachines/test-vm1",
            "identity": [],
            "license_type": "",
            "location": "westeurope",
            "max_bid_price": -1,
            "name": "test-vm1",
            "network_interface_ids": [
              "/subscriptions/fcc9b1c0-ae80-4568-b5d2-6ef91f84f6ec/resourceGroups/cbdp-resourcegroup/providers/Microsoft.Network/networkInterfaces/test-nic1"
            ],
            "os_disk": [
              {
                "caching": "ReadWrite",
                "diff_disk_settings": [],
                "disk_encryption_set_id": "",
                "disk_size_gb": 30,
                "name": "test-disk1",
                "storage_account_type": "Standard_LRS",
                "write_accelerator_enabled": false
              }
            ],
            "patch_mode": "ImageDefault",
            "plan": [],
            "platform_fault_domain": -1,
            "priority": "Regular",
            "private_ip_address": "10.0.1.5",
            "private_ip_addresses": [
              "10.0.1.5"
            ],
            "provision_vm_agent": true,
            "proximity_placement_group_id": "",
            "public_ip_address": "",
            "public_ip_addresses": [],
            "resource_group_name": "cbdp-resourcegroup",
            "secret": [],
            "secure_boot_enabled": false,
            "size": "Standard_DS1_v2",
            "source_image_id": "",
            "source_image_reference": [
              {
                "offer": "0001-com-ubuntu-server-jammy",
                "publisher": "Canonical",
                "sku": "22_04-lts-gen2",
                "version": "latest"
              }
            ],
            "tags": null,
            "timeouts": null,
            "user_data": "",
            "virtual_machine_id": "b47f5e6c-8116-4f7f-8af7-cf2c00287375",
            "virtual_machine_scale_set_id": "",
            "vtpm_enabled": false,
            "zone": ""
          },
          "sensitive_attributes": [],
          "private": "eyJlMmJmYjczMC1lY2FhLTExZTYtOGY4OC0zNDM2M2JjN2M0YzAiOnsiY3JlYXRlIjoyNzAwMDAwMDAwMDAwLCJkZWxldGUiOjI3MDAwMDAwMDAwMDAsInJlYWQiOjMwMDAwMDAwMDAwMCwidXBkYXRlIjoyNzAwMDAwMDAwMDAwfX0=",
          "dependencies": [
            "azurerm_network_interface.my_nic"
          ]
        }
      ]
    },
    {
      "mode": "managed",
      "type": "azurerm_network_interface",
      "name": "my_nic",
      "provider": "provider[\"registry.terraform.io/hashicorp/azurerm\"]",
      "instances": [
        {
          "index_key": 0,
          "schema_version": 0,
          "attributes": {
            "applied_dns_servers": [],
            "dns_servers": [],
            "enable_accelerated_networking": false,
            "enable_ip_forwarding": false,
            "id": "/subscriptions/fcc9b1c0-ae80-4568-b5d2-6ef91f84f6ec/resourceGroups/cbdp-resourcegroup/providers/Microsoft.Network/networkInterfaces/test-nic0",
            "internal_dns_name_label": "",
            "internal_domain_name_suffix": "g2wyz3ax4idejna0nv05qrxegh.ax.internal.cloudapp.net",
            "ip_configuration": [
              {
                "gateway_load_balancer_frontend_ip_configuration_id": "",
                "name": "ipconfig0",
                "primary": true,
                "private_ip_address": "10.0.1.4",
                "private_ip_address_allocation": "Dynamic",
                "private_ip_address_version": "IPv4",
                "public_ip_address_id": "",
                "subnet_id": "/subscriptions/fcc9b1c0-ae80-4568-b5d2-6ef91f84f6ec/resourceGroups/cbdp-resourcegroup/providers/Microsoft.Network/virtualNetworks/test-vnet/subnets/test-subnet"
              }
            ],
            "location": "westeurope",
            "mac_address": "00-0D-3A-2C-EA-DE",
            "name": "test-nic0",
            "private_ip_address": "10.0.1.4",
            "private_ip_addresses": [
              "10.0.1.4"
            ],
            "resource_group_name": "cbdp-resourcegroup",
            "tags": {},
            "timeouts": null,
            "virtual_machine_id": "/subscriptions/fcc9b1c0-ae80-4568-b5d2-6ef91f84f6ec/resourceGroups/cbdp-resourcegroup/providers/Microsoft.Compute/virtualMachines/test-vm0"
          },
          "sensitive_attributes": [],
          "private": "eyJlMmJmYjczMC1lY2FhLTExZTYtOGY4OC0zNDM2M2JjN2M0YzAiOnsiY3JlYXRlIjoxODAwMDAwMDAwMDAwLCJkZWxldGUiOjE4MDAwMDAwMDAwMDAsInJlYWQiOjMwMDAwMDAwMDAwMCwidXBkYXRlIjoxODAwMDAwMDAwMDAwfX0=",
          "dependencies": [
            "azurerm_subnet.my_subnet",
            "azurerm_virtual_network.my_virtual_network"
          ]
        },
        {
          "index_key": 1,
          "schema_version": 0,
          "attributes": {
            "applied_dns_servers": [],
            "dns_servers": [],
            "enable_accelerated_networking": false,
            "enable_ip_forwarding": false,
            "id": "/subscriptions/fcc9b1c0-ae80-4568-b5d2-6ef91f84f6ec/resourceGroups/cbdp-resourcegroup/providers/Microsoft.Network/networkInterfaces/test-nic1",
            "internal_dns_name_label": "",
            "internal_domain_name_suffix": "g2wyz3ax4idejna0nv05qrxegh.ax.internal.cloudapp.net",
            "ip_configuration": [
              {
                "gateway_load_balancer_frontend_ip_configuration_id": "",
                "name": "ipconfig1",
                "primary": true,
                "private_ip_address": "10.0.1.5",
                "private_ip_address_allocation": "Dynamic",
                "private_ip_address_version": "IPv4",
                "public_ip_address_id": "",
                "subnet_id": "/subscriptions/fcc9b1c0-ae80-4568-b5d2-6ef91f84f6ec/resourceGroups/cbdp-resourcegroup/providers/Microsoft.Network/virtualNetworks/test-vnet/subnets/test-subnet"
              }
            ],
            "location": "westeurope",
            "mac_address": "00-0D-3A-4C-29-EB",
            "name": "test-nic1",
            "private_ip_address": "10.0.1.5",
            "private_ip_addresses": [
              "10.0.1.5"
            ],
            "resource_group_name": "cbdp-resourcegroup",
            "tags": {},
            "timeouts": null,
            "virtual_machine_id": "/subscriptions/fcc9b1c0-ae80-4568-b5d2-6ef91f84f6ec/resourceGroups/cbdp-resourcegroup/providers/Microsoft.Compute/virtualMachines/test-vm1"
          },
          "sensitive_attributes": [],
          "private": "eyJlMmJmYjczMC1lY2FhLTExZTYtOGY4OC0zNDM2M2JjN2M0YzAiOnsiY3JlYXRlIjoxODAwMDAwMDAwMDAwLCJkZWxldGUiOjE4MDAwMDAwMDAwMDAsInJlYWQiOjMwMDAwMDAwMDAwMCwidXBkYXRlIjoxODAwMDAwMDAwMDAwfX0=",
          "dependencies": [
            "azurerm_subnet.my_subnet",
            "azurerm_virtual_network.my_virtual_network"
          ]
        }
      ]
    },
    {
      "mode": "managed",
      "type": "azurerm_network_interface_backend_address_pool_association",
      "name": "my_nic_lb_pool",
      "provider": "provider[\"registry.terraform.io/hashicorp/azurerm\"]",
      "instances": [
        {
          "index_key": 0,
          "schema_version": 0,
          "attributes": {
            "backend_address_pool_id": "/subscriptions/fcc9b1c0-ae80-4568-b5d2-6ef91f84f6ec/resourceGroups/cbdp-resourcegroup/providers/Microsoft.Network/loadBalancers/test-lb/backendAddressPools/test-pool",
            "id": "/subscriptions/fcc9b1c0-ae80-4568-b5d2-6ef91f84f6ec/resourceGroups/cbdp-resourcegroup/providers/Microsoft.Network/networkInterfaces/test-nic0/ipConfigurations/ipconfig0|/subscriptions/fcc9b1c0-ae80-4568-b5d2-6ef91f84f6ec/resourceGroups/cbdp-resourcegroup/providers/Microsoft.Network/loadBalancers/test-lb/backendAddressPools/test-pool",
            "ip_configuration_name": "ipconfig0",
            "network_interface_id": "/subscriptions/fcc9b1c0-ae80-4568-b5d2-6ef91f84f6ec/resourceGroups/cbdp-resourcegroup/providers/Microsoft.Network/networkInterfaces/test-nic0",
            "timeouts": null
          },
          "sensitive_attributes": [],
          "private": "eyJlMmJmYjczMC1lY2FhLTExZTYtOGY4OC0zNDM2M2JjN2M0YzAiOnsiY3JlYXRlIjoxODAwMDAwMDAwMDAwLCJkZWxldGUiOjE4MDAwMDAwMDAwMDAsInJlYWQiOjMwMDAwMDAwMDAwMCwidXBkYXRlIjoxODAwMDAwMDAwMDAwfX0=",
          "dependencies": [
            "azurerm_lb.my_lb",
            "azurerm_lb_backend_address_pool.my_lb_pool",
            "azurerm_network_interface.my_nic",
            "azurerm_public_ip.my_public_ip",
            "azurerm_subnet.my_subnet",
            "azurerm_virtual_network.my_virtual_network"
          ]
        },
        {
          "index_key": 1,
          "schema_version": 0,
          "attributes": {
            "backend_address_pool_id": "/subscriptions/fcc9b1c0-ae80-4568-b5d2-6ef91f84f6ec/resourceGroups/cbdp-resourcegroup/providers/Microsoft.Network/loadBalancers/test-lb/backendAddressPools/test-pool",
            "id": "/subscriptions/fcc9b1c0-ae80-4568-b5d2-6ef91f84f6ec/resourceGroups/cbdp-resourcegroup/providers/Microsoft.Network/networkInterfaces/test-nic1/ipConfigurations/ipconfig1|/subscriptions/fcc9b1c0-ae80-4568-b5d2-6ef91f84f6ec/resourceGroups/cbdp-resourcegroup/providers/Microsoft.Network/loadBalancers/test-lb/backendAddressPools/test-pool",
            "ip_configuration_name": "ipconfig1",
            "network_interface_id": "/subscriptions/fcc9b1c0-ae80-4568-b5d2-6ef91f84f6ec/resourceGroups/cbdp-resourcegroup/providers/Microsoft.Network/networkInterfaces/test-nic1",
            "timeouts": null
          },
          "sensitive_attributes": [],
          "private": "eyJlMmJmYjczMC1lY2FhLTExZTYtOGY4OC0zNDM2M2JjN2M0YzAiOnsiY3JlYXRlIjoxODAwMDAwMDAwMDAwLCJkZWxldGUiOjE4MDAwMDAwMDAwMDAsInJlYWQiOjMwMDAwMDAwMDAwMCwidXBkYXRlIjoxODAwMDAwMDAwMDAwfX0=",
          "dependencies": [
            "azurerm_lb.my_lb",
            "azurerm_lb_backend_address_pool.my_lb_pool",
            "azurerm_network_interface.my_nic",
            "azurerm_public_ip.my_public_ip",
            "azurerm_subnet.my_subnet",
            "azurerm_virtual_network.my_virtual_network"
          ]
        }
      ]
    },
    {
      "mode": "managed",
      "type": "azurerm_network_interface_nat_rule_association",
      "name": "my_web_nic_nat_rule_associate_vm1",
      "provider": "provider[\"registry.terraform.io/hashicorp/azurerm\"]",
      "instances": [
        {
          "schema_version": 0,
          "attributes": {
            "id": "/subscriptions/fcc9b1c0-ae80-4568-b5d2-6ef91f84f6ec/resourceGroups/cbdp-resourcegroup/providers/Microsoft.Network/networkInterfaces/test-nic0/ipConfigurations/ipconfig0|/subscriptions/fcc9b1c0-ae80-4568-b5d2-6ef91f84f6ec/resourceGroups/cbdp-resourcegroup/providers/Microsoft.Network/loadBalancers/test-lb/inboundNatRules/test-ssh-vm1",
            "ip_configuration_name": "ipconfig0",
            "nat_rule_id": "/subscriptions/fcc9b1c0-ae80-4568-b5d2-6ef91f84f6ec/resourceGroups/cbdp-resourcegroup/providers/Microsoft.Network/loadBalancers/test-lb/inboundNatRules/test-ssh-vm1",
            "network_interface_id": "/subscriptions/fcc9b1c0-ae80-4568-b5d2-6ef91f84f6ec/resourceGroups/cbdp-resourcegroup/providers/Microsoft.Network/networkInterfaces/test-nic0",
            "timeouts": null
          },
          "sensitive_attributes": [],
          "private": "eyJlMmJmYjczMC1lY2FhLTExZTYtOGY4OC0zNDM2M2JjN2M0YzAiOnsiY3JlYXRlIjoxODAwMDAwMDAwMDAwLCJkZWxldGUiOjE4MDAwMDAwMDAwMDAsInJlYWQiOjMwMDAwMDAwMDAwMCwidXBkYXRlIjoxODAwMDAwMDAwMDAwfX0=",
          "dependencies": [
            "azurerm_lb.my_lb",
            "azurerm_lb_nat_rule.my_nat_rule_vm1",
            "azurerm_network_interface.my_nic",
            "azurerm_public_ip.my_public_ip",
            "azurerm_subnet.my_subnet",
            "azurerm_virtual_network.my_virtual_network"
          ]
        }
      ]
    },
    {
      "mode": "managed",
      "type": "azurerm_network_interface_nat_rule_association",
      "name": "my_web_nic_nat_rule_associate_vm2",
      "provider": "provider[\"registry.terraform.io/hashicorp/azurerm\"]",
      "instances": [
        {
          "schema_version": 0,
          "attributes": {
            "id": "/subscriptions/fcc9b1c0-ae80-4568-b5d2-6ef91f84f6ec/resourceGroups/cbdp-resourcegroup/providers/Microsoft.Network/networkInterfaces/test-nic1/ipConfigurations/ipconfig1|/subscriptions/fcc9b1c0-ae80-4568-b5d2-6ef91f84f6ec/resourceGroups/cbdp-resourcegroup/providers/Microsoft.Network/loadBalancers/test-lb/inboundNatRules/test-ssh-vm2",
            "ip_configuration_name": "ipconfig1",
            "nat_rule_id": "/subscriptions/fcc9b1c0-ae80-4568-b5d2-6ef91f84f6ec/resourceGroups/cbdp-resourcegroup/providers/Microsoft.Network/loadBalancers/test-lb/inboundNatRules/test-ssh-vm2",
            "network_interface_id": "/subscriptions/fcc9b1c0-ae80-4568-b5d2-6ef91f84f6ec/resourceGroups/cbdp-resourcegroup/providers/Microsoft.Network/networkInterfaces/test-nic1",
            "timeouts": null
          },
          "sensitive_attributes": [],
          "private": "eyJlMmJmYjczMC1lY2FhLTExZTYtOGY4OC0zNDM2M2JjN2M0YzAiOnsiY3JlYXRlIjoxODAwMDAwMDAwMDAwLCJkZWxldGUiOjE4MDAwMDAwMDAwMDAsInJlYWQiOjMwMDAwMDAwMDAwMCwidXBkYXRlIjoxODAwMDAwMDAwMDAwfX0=",
          "dependencies": [
            "azurerm_lb.my_lb",
            "azurerm_lb_nat_rule.my_nat_rule_vm2",
            "azurerm_network_interface.my_nic",
            "azurerm_public_ip.my_public_ip",
            "azurerm_subnet.my_subnet",
            "azurerm_virtual_network.my_virtual_network"
          ]
        }
      ]
    },
    {
      "mode": "managed",
      "type": "azurerm_network_security_group",
      "name": "my_nsg",
      "provider": "provider[\"registry.terraform.io/hashicorp/azurerm\"]",
      "instances": [
        {
          "schema_version": 0,
          "attributes": {
            "id": "/subscriptions/fcc9b1c0-ae80-4568-b5d2-6ef91f84f6ec/resourceGroups/cbdp-resourcegroup/providers/Microsoft.Network/networkSecurityGroups/test-nsg",
            "location": "westeurope",
            "name": "test-nsg",
            "resource_group_name": "cbdp-resourcegroup",
            "security_rule": [
              {
                "access": "Allow",
                "description": "",
                "destination_address_prefix": "10.0.1.0/24",
                "destination_address_prefixes": [],
                "destination_application_security_group_ids": [],
                "destination_port_range": "22",
                "destination_port_ranges": [],
                "direction": "Inbound",
                "name": "ssh",
                "priority": 1000,
                "protocol": "*",
                "source_address_prefix": "*",
                "source_address_prefixes": [],
                "source_application_security_group_ids": [],
                "source_port_range": "*",
                "source_port_ranges": []
              },
              {
                "access": "Allow",
                "description": "",
                "destination_address_prefix": "10.0.1.0/24",
                "destination_address_prefixes": [],
                "destination_application_security_group_ids": [],
                "destination_port_range": "80",
                "destination_port_ranges": [],
                "direction": "Inbound",
                "name": "web",
                "priority": 1008,
                "protocol": "Tcp",
                "source_address_prefix": "*",
                "source_address_prefixes": [],
                "source_application_security_group_ids": [],
                "source_port_range": "*",
                "source_port_ranges": []
              }
            ],
            "tags": {},
            "timeouts": null
          },
          "sensitive_attributes": [],
          "private": "eyJlMmJmYjczMC1lY2FhLTExZTYtOGY4OC0zNDM2M2JjN2M0YzAiOnsiY3JlYXRlIjoxODAwMDAwMDAwMDAwLCJkZWxldGUiOjE4MDAwMDAwMDAwMDAsInJlYWQiOjMwMDAwMDAwMDAwMCwidXBkYXRlIjoxODAwMDAwMDAwMDAwfX0="
        }
      ]
    },
    {
      "mode": "managed",
      "type": "azurerm_public_ip",
      "name": "my_public_ip",
      "provider": "provider[\"registry.terraform.io/hashicorp/azurerm\"]",
      "instances": [
        {
          "schema_version": 0,
          "attributes": {
            "allocation_method": "Static",
            "availability_zone": "Zone-Redundant",
            "domain_name_label": null,
            "fqdn": null,
            "id": "/subscriptions/fcc9b1c0-ae80-4568-b5d2-6ef91f84f6ec/resourceGroups/cbdp-resourcegroup/providers/Microsoft.Network/publicIPAddresses/test-public-ip",
            "idle_timeout_in_minutes": 4,
            "ip_address": "20.76.135.211",
            "ip_tags": {},
            "ip_version": "IPv4",
            "location": "westeurope",
            "name": "test-public-ip",
            "public_ip_prefix_id": null,
            "resource_group_name": "cbdp-resourcegroup",
            "reverse_fqdn": null,
            "sku": "Standard",
            "sku_tier": "Regional",
            "tags": {},
            "timeouts": null,
            "zones": []
          },
          "sensitive_attributes": [],
          "private": "eyJlMmJmYjczMC1lY2FhLTExZTYtOGY4OC0zNDM2M2JjN2M0YzAiOnsiY3JlYXRlIjoxODAwMDAwMDAwMDAwLCJkZWxldGUiOjE4MDAwMDAwMDAwMDAsInJlYWQiOjMwMDAwMDAwMDAwMCwidXBkYXRlIjoxODAwMDAwMDAwMDAwfX0="
        }
      ]
    },
    {
      "mode": "managed",
      "type": "azurerm_subnet",
      "name": "my_subnet",
      "provider": "provider[\"registry.terraform.io/hashicorp/azurerm\"]",
      "instances": [
        {
          "schema_version": 0,
          "attributes": {
            "address_prefix": "10.0.1.0/24",
            "address_prefixes": [
              "10.0.1.0/24"
            ],
            "delegation": [],
            "enforce_private_link_endpoint_network_policies": false,
            "enforce_private_link_service_network_policies": false,
            "id": "/subscriptions/fcc9b1c0-ae80-4568-b5d2-6ef91f84f6ec/resourceGroups/cbdp-resourcegroup/providers/Microsoft.Network/virtualNetworks/test-vnet/subnets/test-subnet",
            "name": "test-subnet",
            "resource_group_name": "cbdp-resourcegroup",
            "service_endpoint_policy_ids": [],
            "service_endpoints": [],
            "timeouts": null,
            "virtual_network_name": "test-vnet"
          },
          "sensitive_attributes": [],
          "private": "eyJlMmJmYjczMC1lY2FhLTExZTYtOGY4OC0zNDM2M2JjN2M0YzAiOnsiY3JlYXRlIjoxODAwMDAwMDAwMDAwLCJkZWxldGUiOjE4MDAwMDAwMDAwMDAsInJlYWQiOjMwMDAwMDAwMDAwMCwidXBkYXRlIjoxODAwMDAwMDAwMDAwfX0=",
          "dependencies": [
            "azurerm_virtual_network.my_virtual_network"
          ]
        }
      ]
    },
    {
      "mode": "managed",
      "type": "azurerm_subnet_network_security_group_association",
      "name": "my_nsg_association",
      "provider": "provider[\"registry.terraform.io/hashicorp/azurerm\"]",
      "instances": [
        {
          "schema_version": 0,
          "attributes": {
            "id": "/subscriptions/fcc9b1c0-ae80-4568-b5d2-6ef91f84f6ec/resourceGroups/cbdp-resourcegroup/providers/Microsoft.Network/virtualNetworks/test-vnet/subnets/test-subnet",
            "network_security_group_id": "/subscriptions/fcc9b1c0-ae80-4568-b5d2-6ef91f84f6ec/resourceGroups/cbdp-resourcegroup/providers/Microsoft.Network/networkSecurityGroups/test-nsg",
            "subnet_id": "/subscriptions/fcc9b1c0-ae80-4568-b5d2-6ef91f84f6ec/resourceGroups/cbdp-resourcegroup/providers/Microsoft.Network/virtualNetworks/test-vnet/subnets/test-subnet",
            "timeouts": null
          },
          "sensitive_attributes": [],
          "private": "eyJlMmJmYjczMC1lY2FhLTExZTYtOGY4OC0zNDM2M2JjN2M0YzAiOnsiY3JlYXRlIjoxODAwMDAwMDAwMDAwLCJkZWxldGUiOjE4MDAwMDAwMDAwMDAsInJlYWQiOjMwMDAwMDAwMDAwMCwidXBkYXRlIjoxODAwMDAwMDAwMDAwfX0=",
          "dependencies": [
            "azurerm_network_security_group.my_nsg",
            "azurerm_subnet.my_subnet",
            "azurerm_virtual_network.my_virtual_network"
          ]
        }
      ]
    },
    {
      "mode": "managed",
      "type": "azurerm_virtual_machine_extension",
      "name": "my_vm_extension",
      "provider": "provider[\"registry.terraform.io/hashicorp/azurerm\"]",
      "instances": [
        {
          "index_key": 0,
          "schema_version": 0,
          "attributes": {
            "auto_upgrade_minor_version": false,
            "automatic_upgrade_enabled": false,
            "id": "/subscriptions/fcc9b1c0-ae80-4568-b5d2-6ef91f84f6ec/resourceGroups/cbdp-resourcegroup/providers/Microsoft.Compute/virtualMachines/test-vm0/extensions/Nginx",
            "name": "Nginx",
            "protected_settings": null,
            "publisher": "Microsoft.Azure.Extensions",
            "settings": "{\"commandToExecute\":\"sudo apt-get update \\u0026\\u0026 sudo apt-get install nginx -y \\u0026\\u0026 echo \\\"Hello World from $(hostname)\\\" \\u003e /var/www/html/index.html \\u0026\\u0026 sudo systemctl restart nginx\"}",
            "tags": null,
            "timeouts": null,
            "type": "CustomScript",
            "type_handler_version": "2.0",
            "virtual_machine_id": "/subscriptions/fcc9b1c0-ae80-4568-b5d2-6ef91f84f6ec/resourceGroups/cbdp-resourcegroup/providers/Microsoft.Compute/virtualMachines/test-vm0"
          },
          "sensitive_attributes": [],
          "private": "eyJlMmJmYjczMC1lY2FhLTExZTYtOGY4OC0zNDM2M2JjN2M0YzAiOnsiY3JlYXRlIjoxODAwMDAwMDAwMDAwLCJkZWxldGUiOjE4MDAwMDAwMDAwMDAsInJlYWQiOjMwMDAwMDAwMDAwMCwidXBkYXRlIjoxODAwMDAwMDAwMDAwfX0=",
          "dependencies": [
            "azurerm_linux_virtual_machine.my_vm",
            "azurerm_network_interface.my_nic"
          ]
        },
        {
          "index_key": 1,
          "schema_version": 0,
          "attributes": {
            "auto_upgrade_minor_version": false,
            "automatic_upgrade_enabled": false,
            "id": "/subscriptions/fcc9b1c0-ae80-4568-b5d2-6ef91f84f6ec/resourceGroups/cbdp-resourcegroup/providers/Microsoft.Compute/virtualMachines/test-vm1/extensions/Nginx",
            "name": "Nginx",
            "protected_settings": null,
            "publisher": "Microsoft.Azure.Extensions",
            "settings": "{\"commandToExecute\":\"sudo apt-get update \\u0026\\u0026 sudo apt-get install nginx -y \\u0026\\u0026 echo \\\"Hello World from $(hostname)\\\" \\u003e /var/www/html/index.html \\u0026\\u0026 sudo systemctl restart nginx\"}",
            "tags": null,
            "timeouts": null,
            "type": "CustomScript",
            "type_handler_version": "2.0",
            "virtual_machine_id": "/subscriptions/fcc9b1c0-ae80-4568-b5d2-6ef91f84f6ec/resourceGroups/cbdp-resourcegroup/providers/Microsoft.Compute/virtualMachines/test-vm1"
          },
          "sensitive_attributes": [],
          "private": "eyJlMmJmYjczMC1lY2FhLTExZTYtOGY4OC0zNDM2M2JjN2M0YzAiOnsiY3JlYXRlIjoxODAwMDAwMDAwMDAwLCJkZWxldGUiOjE4MDAwMDAwMDAwMDAsInJlYWQiOjMwMDAwMDAwMDAwMCwidXBkYXRlIjoxODAwMDAwMDAwMDAwfX0=",
          "dependencies": [
            "azurerm_linux_virtual_machine.my_vm",
            "azurerm_network_interface.my_nic"
          ]
        }
      ]
    },
    {
      "mode": "managed",
      "type": "azurerm_virtual_network",
      "name": "my_virtual_network",
      "provider": "provider[\"registry.terraform.io/hashicorp/azurerm\"]",
      "instances": [
        {
          "schema_version": 0,
          "attributes": {
            "address_space": [
              "10.0.0.0/16"
            ],
            "bgp_community": "",
            "ddos_protection_plan": [],
            "dns_servers": [],
            "flow_timeout_in_minutes": 0,
            "guid": "f48c2d37-f217-4406-b41a-6d75f846e437",
            "id": "/subscriptions/fcc9b1c0-ae80-4568-b5d2-6ef91f84f6ec/resourceGroups/cbdp-resourcegroup/providers/Microsoft.Network/virtualNetworks/test-vnet",
            "location": "westeurope",
            "name": "test-vnet",
            "resource_group_name": "cbdp-resourcegroup",
            "subnet": [
              {
                "address_prefix": "10.0.1.0/24",
                "id": "/subscriptions/fcc9b1c0-ae80-4568-b5d2-6ef91f84f6ec/resourceGroups/cbdp-resourcegroup/providers/Microsoft.Network/virtualNetworks/test-vnet/subnets/test-subnet",
                "name": "test-subnet",
                "security_group": "/subscriptions/fcc9b1c0-ae80-4568-b5d2-6ef91f84f6ec/resourceGroups/cbdp-resourcegroup/providers/Microsoft.Network/networkSecurityGroups/test-nsg"
              }
            ],
            "tags": {},
            "timeouts": null,
            "vm_protection_enabled": false
          },
          "sensitive_attributes": [],
          "private": "eyJlMmJmYjczMC1lY2FhLTExZTYtOGY4OC0zNDM2M2JjN2M0YzAiOnsiY3JlYXRlIjoxODAwMDAwMDAwMDAwLCJkZWxldGUiOjE4MDAwMDAwMDAwMDAsInJlYWQiOjMwMDAwMDAwMDAwMCwidXBkYXRlIjoxODAwMDAwMDAwMDAwfX0="
        }
      ]
    }
  ],
  "check_results": null
}
