{
  "version": 4,
  "terraform_version": "1.5.7",
  "serial": 256,
  "lineage": "a65d7317-b528-fdca-28cf-fb9130437627",
  "outputs": {},
  "resources": [
    {
      "mode": "managed",
      "type": "azurerm_virtual_network",
      "name": "my_virtual_network",
      "provider": "provider[\"registry.terraform.io/hashicorp/azurerm\"]",
      "instances": [
        {
          "schema_version": 0,
          "attributes": {
            "address_space": [
              "10.0.0.0/16"
            ],
            "bgp_community": "",
            "ddos_protection_plan": [],
            "dns_servers": [],
            "flow_timeout_in_minutes": 0,
            "guid": "d6895608-17cc-4ca8-87d0-4ab3eb231c58",
            "id": "/subscriptions/fcc9b1c0-ae80-4568-b5d2-6ef91f84f6ec/resourceGroups/cbdp-resourcegroup/providers/Microsoft.Network/virtualNetworks/test-vnet",
            "location": "westeurope",
            "name": "test-vnet",
            "resource_group_name": "cbdp-resourcegroup",
            "subnet": [
              {
                "address_prefix": "10.0.2.0/26",
                "id": "/subscriptions/fcc9b1c0-ae80-4568-b5d2-6ef91f84f6ec/resourceGroups/cbdp-resourcegroup/providers/Microsoft.Network/virtualNetworks/test-vnet/subnets/AzureBastionSubnet",
                "name": "AzureBastionSubnet",
                "security_group": ""
              }
            ],
            "tags": {},
            "timeouts": null,
            "vm_protection_enabled": false
          },
          "sensitive_attributes": [],
          "private": "eyJlMmJmYjczMC1lY2FhLTExZTYtOGY4OC0zNDM2M2JjN2M0YzAiOnsiY3JlYXRlIjoxODAwMDAwMDAwMDAwLCJkZWxldGUiOjE4MDAwMDAwMDAwMDAsInJlYWQiOjMwMDAwMDAwMDAwMCwidXBkYXRlIjoxODAwMDAwMDAwMDAwfX0="
        }
      ]
    }
  ],
  "check_results": null
}
